
Microsoft Visual Studio Solution File, Format Version 12.00
# Visual Studio Version 17
VisualStudioVersion = 17.6.33723.286
MinimumVisualStudioVersion = 10.0.40219.1
Project("{FAE04EC0-301F-11D3-BF4B-00C04F79EFBC}") = "Praktika2023Day3", "Praktika2023Day3.csproj", "{B2258108-4CB2-4757-8F9C-D5A40203BE57}"
EndProject
Global
	GlobalSection(SolutionConfigurationPlatforms) = preSolution
		Debug|Any CPU = Debug|Any CPU
		Release|Any CPU = Release|Any CPU
	EndGlobalSection
	GlobalSection(ProjectConfigurationPlatforms) = postSolution
		{B2258108-4CB2-4757-8F9C-D5A40203BE57}.Debug|Any CPU.ActiveCfg = Debug|Any CPU
		{B2258108-4CB2-4757-8F9C-D5A40203BE57}.Debug|Any CPU.Build.0 = Debug|Any CPU
		{B2258108-4CB2-4757-8F9C-D5A40203BE57}.Release|Any CPU.ActiveCfg = Release|Any CPU
		{B2258108-4CB2-4757-8F9C-D5A40203BE57}.Release|Any CPU.Build.0 = Release|Any CPU
	EndGlobalSection
	GlobalSection(SolutionProperties) = preSolution
		HideSolutionNode = FALSE
	EndGlobalSection
	GlobalSection(ExtensibilityGlobals) = postSolution
		SolutionGuid = {3E2BD3E8-8B91-49ED-85EF-2A280BBAA0A9}
	EndGlobalSection
EndGlobal
